PODS:
  - ImagePicker (3.2.0)

DEPENDENCIES:
  - ImagePicker (from `https://github.com/sotheavuthnguon/ImagePicker.git`, branch `sotheavuth`)

EXTERNAL SOURCES:
  ImagePicker:
    :branch: sotheavuth
    :git: https://github.com/sotheavuthnguon/ImagePicker.git

CHECKOUT OPTIONS:
  ImagePicker:
    :commit: 9cca7a0347014a525ed4803912046eff4cd1c458
    :git: https://github.com/sotheavuthnguon/ImagePicker.git

SPEC CHECKSUMS:
  ImagePicker: 1d950bbb2422548ed58791b4ec7f42fe42920511

PODFILE CHECKSUM: 016b9dee1b1da5bf160bdd88077d1395f5d54c44

COCOAPODS: 1.10.1
